
Microsoft Visual Studio Solution File, Format Version 12.00
# Visual Studio Version 16
VisualStudioVersion = 16.0.30413.136
MinimumVisualStudioVersion = 10.0.40219.1
Project("{888888A0-9F3D-457C-B088-3A5042F75D52}") = "Lists", "Lists.pyproj", "{A86115F8-5807-447C-87DB-C386C2B4B66E}"
EndProject
Global
	GlobalSection(SolutionConfigurationPlatforms) = preSolution
		Debug|Any CPU = Debug|Any CPU
		Release|Any CPU = Release|Any CPU
	EndGlobalSection
	GlobalSection(ProjectConfigurationPlatforms) = postSolution
		{A86115F8-5807-447C-87DB-C386C2B4B66E}.Debug|Any CPU.ActiveCfg = Debug|Any CPU
		{A86115F8-5807-447C-87DB-C386C2B4B66E}.Release|Any CPU.ActiveCfg = Release|Any CPU
	EndGlobalSection
	GlobalSection(SolutionProperties) = preSolution
		HideSolutionNode = FALSE
	EndGlobalSection
	GlobalSection(ExtensibilityGlobals) = postSolution
		SolutionGuid = {6C98F180-815D-474F-83C0-1A2DC596CF39}
	EndGlobalSection
EndGlobal
